{
  "name": "@jprendes/emception",
  "version": "1.0.0",
  "lockfileVersion": 2,
  "requires": true,
  "packages": {
    "": {
      "name": "@jprendes/emception",
      "version": "1.0.0",
      "license": "MIT",
      "dependencies": {
        "@types/emscripten": "^1.41.5"
      }
    },
    "node_modules/@types/emscripten": {
      "version": "1.41.5",
      "resolved": "https://registry.npmjs.org/@types/emscripten/-/emscripten-1.41.5.tgz",
      "integrity": "sha512-cMQm7pxu6BxtHyqJ7mQZ2kXWV5SLmugybFdHCBbJ5eHzOo6VhBckEgAT3//rP5FwPHNPeEiq4SmQ5ucBwsOo4Q=="
    }
  },
  "dependencies": {
    "@types/emscripten": {
      "version": "1.41.5",
      "resolved": "https://registry.npmjs.org/@types/emscripten/-/emscripten-1.41.5.tgz",
      "integrity": "sha512-cMQm7pxu6BxtHyqJ7mQZ2kXWV5SLmugybFdHCBbJ5eHzOo6VhBckEgAT3//rP5FwPHNPeEiq4SmQ5ucBwsOo4Q=="
    }
  }
}
